
Microsoft Visual Studio Solution File, Format Version 12.00
# Visual Studio 2015
Project("{FAE04EC0-301F-11D3-BF4B-00C04F79EFBC}") = "Olsyx's Shader Lab", "Olsyx's Shader Lab.csproj", "{63A8A554-24E0-C42F-4027-79D09A1EA02F}"
EndProject
Project("{FAE04EC0-301F-11D3-BF4B-00C04F79EFBC}") = "Olsyx's Shader Lab.Editor", "Olsyx's Shader Lab.Editor.csproj", "{58E413E6-532E-7408-4ADE-DFC30060A28A}"
EndProject
Global
	GlobalSection(SolutionConfigurationPlatforms) = preSolution
		Debug|Any CPU = Debug|Any CPU
		Release|Any CPU = Release|Any CPU
	EndGlobalSection
	GlobalSection(ProjectConfigurationPlatforms) = postSolution
		{63A8A554-24E0-C42F-4027-79D09A1EA02F}.Debug|Any CPU.ActiveCfg = Debug|Any CPU
		{63A8A554-24E0-C42F-4027-79D09A1EA02F}.Debug|Any CPU.Build.0 = Debug|Any CPU
		{63A8A554-24E0-C42F-4027-79D09A1EA02F}.Release|Any CPU.ActiveCfg = Release|Any CPU
		{63A8A554-24E0-C42F-4027-79D09A1EA02F}.Release|Any CPU.Build.0 = Release|Any CPU
		{58E413E6-532E-7408-4ADE-DFC30060A28A}.Debug|Any CPU.ActiveCfg = Debug|Any CPU
		{58E413E6-532E-7408-4ADE-DFC30060A28A}.Debug|Any CPU.Build.0 = Debug|Any CPU
		{58E413E6-532E-7408-4ADE-DFC30060A28A}.Release|Any CPU.ActiveCfg = Release|Any CPU
		{58E413E6-532E-7408-4ADE-DFC30060A28A}.Release|Any CPU.Build.0 = Release|Any CPU
	EndGlobalSection
	GlobalSection(SolutionProperties) = preSolution
		HideSolutionNode = FALSE
	EndGlobalSection
EndGlobal
