
Microsoft Visual Studio Solution File, Format Version 12.00
# Visual Studio 15
Project("{FAE04EC0-301F-11D3-BF4B-00C04F79EFBC}") = "Assembly-CSharp", "Assembly-CSharp.csproj", "{C08CB9BB-490A-5145-B04D-09194B5EB971}"
EndProject
Project("{FAE04EC0-301F-11D3-BF4B-00C04F79EFBC}") = "Assembly-CSharp-Editor", "Assembly-CSharp-Editor.csproj", "{E5A49DA5-05CA-748A-BC18-8D6E715D9BDA}"
EndProject
Global
	GlobalSection(SolutionConfigurationPlatforms) = preSolution
		Debug|Any CPU = Debug|Any CPU
		Release|Any CPU = Release|Any CPU
	EndGlobalSection
	GlobalSection(ProjectConfigurationPlatforms) = postSolution
		{C08CB9BB-490A-5145-B04D-09194B5EB971}.Debug|Any CPU.ActiveCfg = Debug|Any CPU
		{C08CB9BB-490A-5145-B04D-09194B5EB971}.Debug|Any CPU.Build.0 = Debug|Any CPU
		{C08CB9BB-490A-5145-B04D-09194B5EB971}.Release|Any CPU.ActiveCfg = Release|Any CPU
		{C08CB9BB-490A-5145-B04D-09194B5EB971}.Release|Any CPU.Build.0 = Release|Any CPU
		{E5A49DA5-05CA-748A-BC18-8D6E715D9BDA}.Debug|Any CPU.ActiveCfg = Debug|Any CPU
		{E5A49DA5-05CA-748A-BC18-8D6E715D9BDA}.Debug|Any CPU.Build.0 = Debug|Any CPU
		{E5A49DA5-05CA-748A-BC18-8D6E715D9BDA}.Release|Any CPU.ActiveCfg = Release|Any CPU
		{E5A49DA5-05CA-748A-BC18-8D6E715D9BDA}.Release|Any CPU.Build.0 = Release|Any CPU
	EndGlobalSection
	GlobalSection(SolutionProperties) = preSolution
		HideSolutionNode = FALSE
	EndGlobalSection
EndGlobal
